
Microsoft Visual Studio Solution File, Format Version 12.00
# Visual Studio Version 16
VisualStudioVersion = 25.0.1706.0
MinimumVisualStudioVersion = 10.0.40219.1
Project("{FAE04EC0-301F-11D3-BF4B-00C04F79EFBC}") = "SingletonDesignPattern", "SingletonDesignPattern\SingletonDesignPattern.csproj", "{78B42F00-FA02-4ADB-A108-A0505D88ACBF}"
EndProject
Global
	GlobalSection(SolutionConfigurationPlatforms) = preSolution
		Debug|Any CPU = Debug|Any CPU
		Release|Any CPU = Release|Any CPU
	EndGlobalSection
	GlobalSection(ProjectConfigurationPlatforms) = postSolution
		{78B42F00-FA02-4ADB-A108-A0505D88ACBF}.Debug|Any CPU.ActiveCfg = Debug|Any CPU
		{78B42F00-FA02-4ADB-A108-A0505D88ACBF}.Debug|Any CPU.Build.0 = Debug|Any CPU
		{78B42F00-FA02-4ADB-A108-A0505D88ACBF}.Release|Any CPU.ActiveCfg = Release|Any CPU
		{78B42F00-FA02-4ADB-A108-A0505D88ACBF}.Release|Any CPU.Build.0 = Release|Any CPU
	EndGlobalSection
	GlobalSection(SolutionProperties) = preSolution
		HideSolutionNode = FALSE
	EndGlobalSection
	GlobalSection(ExtensibilityGlobals) = postSolution
		SolutionGuid = {F420D5DA-B62A-4214-9B26-EE7CB49709D3}
	EndGlobalSection
EndGlobal
